<?xml version="1.0" encoding="utf-16"?>
<Project ToolsVersion="4.0" xmlns="http://schemas.microsoft.com/developer/msbuild/2003">
  <ItemGroup>
    <Filter Include="source">
      <UniqueIdentifier>{4B964902-6919-4960-8539-FDEE1E0A00F5}</UniqueIdentifier>
      <Extensions>h;hh;hpp;hxx;h++;hm;inl;inc;ipp;xsd</Extensions>
    </Filter>
    <Filter Include="source\managers">
      <UniqueIdentifier>{27858077-2AA2-4853-8128-6714D53E6611}</UniqueIdentifier>
    </Filter>
    <Filter Include="source\services">
      <UniqueIdentifier>{7BA81AB8-8BED-40F9-A8E3-382363289FCC}</UniqueIdentifier>
    </Filter>
    <Filter Include="submodules">
      <UniqueIdentifier>{E396D0E7-A731-4602-A962-8A8FEED28F60}</UniqueIdentifier>
    </Filter>
    <Filter Include="submodules\imgui">
      <UniqueIdentifier>{C4A5E4B8-A49E-483E-8677-54BC4838206F}</UniqueIdentifier>
    </Filter>
    <Filter Include="submodules\nexus-core">
      <UniqueIdentifier>{A725E2B8-89A5-4425-BCDD-5371D5BFE6CE}</UniqueIdentifier>
    </Filter>
    <Filter Include="submodules\nexus-mumble">
      <UniqueIdentifier>{312B3CE5-CF80-47F3-A767-016BC57319AF}</UniqueIdentifier>
    </Filter>
    <Filter Include="source\thirdparty">
      <UniqueIdentifier>{08D9EC32-3C8F-46FF-B1FB-F902AA3CDA5C}</UniqueIdentifier>
    </Filter>
    <Filter Include="source\thirdparty\nlohmann">
      <UniqueIdentifier>{3B56D39A-8D7A-4743-88FD-F53634831522}</UniqueIdentifier>
    </Filter>
    <Filter Include="source\ui">
      <UniqueIdentifier>{BB82582B-D3B4-4997-BE9C-91C823C3345B}</UniqueIdentifier>
    </Filter>
        <Filter Include="source\ui\pages">
      <UniqueIdentifier>{3BADE663-8D69-4BAC-9E3A-25C6C71BBC10}</UniqueIdentifier>
    </Filter>
<Filter Include="source\utils">
      <UniqueIdentifier>{E893CBD1-4D66-4431-B400-7D38DC342636}</UniqueIdentifier>
    </Filter>
    <Filter Include="Resource Files">
      <UniqueIdentifier>{E923CB3B-57EC-4361-9F97-69E38D7F6D99}</UniqueIdentifier>
      <Extensions>rc;ico;cur;bmp;dlg;rc2;rct;bin;rgs;gif;jpg;jpeg;jpe;resx;tiff;tif;png;wav;mfcribbon-ms</Extensions>
    </Filter>
  </ItemGroup>
  <ItemGroup>
    <ClInclude Include="core\Addon.h">
      <Filter>source</Filter>
    </ClInclude>
        <ClInclude Include="core\ui\Theme.h">
      <Filter>source\ui</Filter>
    </ClInclude>
    <ClInclude Include="core\ui\Widgets.h">
      <Filter>source\ui</Filter>
    </ClInclude>
    <ClInclude Include="core\ui\pages\ISettingsPage.h">
      <Filter>source\ui\pages</Filter>
    </ClInclude>
    <ClInclude Include="core\ui\pages\GeneralSettingsPage.h">
      <Filter>source\ui\pages</Filter>
    </ClInclude>
    <ClInclude Include="core\ui\pages\AudioSettingsPage.h">
      <Filter>source\ui\pages</Filter>
    </ClInclude>
<ClInclude Include="core\ui\SettingsUI.h">
      <Filter>source\ui</Filter>
    </ClInclude>
    <ClInclude Include="core\managers\AudioManager.h">
      <Filter>source\managers</Filter>
    </ClInclude>
    <ClInclude Include="core\managers\LocalManager.h">
      <Filter>source\managers</Filter>
    </ClInclude>
    <ClInclude Include="core\utils\AsyncTexture.h">
      <Filter>source\utils</Filter>
    </ClInclude>
    <ClInclude Include="core\utils\AsyncFont.h">
      <Filter>source\utils</Filter>
    </ClInclude>
    <ClInclude Include="core\services\Gw2MumbleService.h">
      <Filter>source\services</Filter>
    </ClInclude>
    <ClInclude Include="core\services\RealTimeApiService.h">
      <Filter>source\services</Filter>
    </ClInclude>
    <ClInclude Include="core\services\NexusService.h">
      <Filter>source\services</Filter>
    </ClInclude>
    <ClInclude Include="..\submodules\nexus-mumble\Mumble.h">
      <Filter>submodules\nexus-mumble</Filter>
    </ClInclude>
    <ClInclude Include="..\submodules\nexus-core\Nexus.h">
      <Filter>submodules\nexus-core</Filter>
    </ClInclude>
    <ClInclude Include="resource.h">
      <Filter>source</Filter>
    </ClInclude>
    <ClInclude Include="core\Settings.h">
      <Filter>source</Filter>
    </ClInclude>
    <ClInclude Include="..\submodules\imgui\imconfig.h">
      <Filter>submodules\imgui</Filter>
    </ClInclude>
    <ClInclude Include="..\submodules\imgui\imgui.h">
      <Filter>submodules\imgui</Filter>
    </ClInclude>
    <ClInclude Include="..\submodules\imgui\imgui_internal.h">
      <Filter>submodules\imgui</Filter>
    </ClInclude>
    <ClInclude Include="..\submodules\imgui\imstb_rectpack.h">
      <Filter>submodules\imgui</Filter>
    </ClInclude>
    <ClInclude Include="..\submodules\imgui\imstb_textedit.h">
      <Filter>submodules\imgui</Filter>
    </ClInclude>
    <ClInclude Include="..\submodules\imgui\imstb_truetype.h">
      <Filter>submodules\imgui</Filter>
    </ClInclude>
    <ClInclude Include="thirdparty\nlohmann\json.hpp">
      <Filter>source\thirdparty\nlohmann</Filter>
    </ClInclude>
    <ClInclude Include="Version.h">
      <Filter>source</Filter>
    </ClInclude>
    <ClInclude Include="Defines.h">
      <Filter>source</Filter>
    </ClInclude>
    <ClInclude Include="Signature.h">
      <Filter>source</Filter>
    </ClInclude>
  </ItemGroup>
  <ItemGroup>
    <ClCompile Include="core\Addon.cpp">
      <Filter>source</Filter>
    </ClCompile>
        <ClCompile Include="core\ui\Widgets.cpp">
      <Filter>source\ui</Filter>
    </ClCompile>
    <ClCompile Include="core\ui\pages\GeneralSettingsPage.cpp">
      <Filter>source\ui\pages</Filter>
    </ClCompile>
    <ClCompile Include="core\ui\pages\AudioSettingsPage.cpp">
      <Filter>source\ui\pages</Filter>
    </ClCompile>
<ClCompile Include="core\ui\SettingsUI.cpp">
      <Filter>source\ui</Filter>
    </ClCompile>
    <ClCompile Include="core\managers\AudioManager.cpp">
      <Filter>source\managers</Filter>
    </ClCompile>
    <ClCompile Include="core\managers\LocalManager.cpp">
      <Filter>source\managers</Filter>
    </ClCompile>
    <ClCompile Include="core\utils\AsyncTexture.cpp">
      <Filter>source\utils</Filter>
    </ClCompile>
    <ClCompile Include="core\utils\AsyncFont.cpp">
      <Filter>source\utils</Filter>
    </ClCompile>
    <ClCompile Include="core\services\Gw2MumbleService.cpp">
      <Filter>source\services</Filter>
    </ClCompile>
    <ClCompile Include="core\services\RealTimeApiService.cpp">
      <Filter>source\services</Filter>
    </ClCompile>
    <ClCompile Include="core\services\NexusService.cpp">
      <Filter>source\services</Filter>
    </ClCompile>
    <ClCompile Include="dllmain.cpp">
      <Filter>source</Filter>
    </ClCompile>
    <ClCompile Include="core\Settings.cpp">
      <Filter>source</Filter>
    </ClCompile>
    <ClCompile Include="..\submodules\imgui\imgui.cpp">
      <Filter>submodules\imgui</Filter>
    </ClCompile>
    <ClCompile Include="..\submodules\imgui\imgui_demo.cpp">
      <Filter>submodules\imgui</Filter>
    </ClCompile>
    <ClCompile Include="..\submodules\imgui\imgui_draw.cpp">
      <Filter>submodules\imgui</Filter>
    </ClCompile>
    <ClCompile Include="..\submodules\imgui\imgui_tables.cpp">
      <Filter>submodules\imgui</Filter>
    </ClCompile>
    <ClCompile Include="..\submodules\imgui\imgui_widgets.cpp">
      <Filter>submodules\imgui</Filter>
    </ClCompile>
  </ItemGroup>
</Project>






