<?xml version="1.0" encoding="utf-8"?>
<Project ToolsVersion="4.0" xmlns="http://schemas.microsoft.com/developer/msbuild/2003">
  <ItemGroup>
    <Filter Include="Source Files">
      <UniqueIdentifier>{4FC737F1-C7A5-4376-A066-2A32D752A2FF}</UniqueIdentifier>
      <Extensions>cpp;c;cc;cxx;c++;cppm;ixx;def;odl;idl;hpj;bat;asm;asmx</Extensions>
    </Filter>
    <Filter Include="Header Files">
      <UniqueIdentifier>{93995380-89BD-4b04-88EB-625FBE52EBFB}</UniqueIdentifier>
      <Extensions>h;hh;hpp;hxx;h++;hm;inl;inc;ipp;xsd</Extensions>
    </Filter>
    <Filter Include="Resource Files">
      <UniqueIdentifier>{67DA6AB6-F800-4c08-8B7A-83BB121AAD01}</UniqueIdentifier>
      <Extensions>rc;ico;cur;bmp;dlg;rc2;rct;bin;rgs;gif;jpg;jpeg;jpe;resx;tiff;tif;png;wav;mfcribbon-ms</Extensions>
    </Filter>
    <Filter Include="Source Files\lib-nxa-sdk">
      <UniqueIdentifier>{b1085023-933d-4952-b8bb-c8b5df8ebbd6}</UniqueIdentifier>
    </Filter>
    <Filter Include="Header Files\lib-nxa-sdk">
      <UniqueIdentifier>{8943e9bd-608f-4ed3-bcbc-79f87c2fbfe0}</UniqueIdentifier>
    </Filter>
    <Filter Include="Source Files\nexus-imgui">
      <UniqueIdentifier>{a5c4e97c-9b88-4682-959c-6b3a0cc33b93}</UniqueIdentifier>
    </Filter>
    <Filter Include="Header Files\nexus-imgui">
      <UniqueIdentifier>{2df4bd9d-0453-468c-9b6d-a7647dfd67bb}</UniqueIdentifier>
    </Filter>
    <Filter Include="Header Files\nexus-core">
      <UniqueIdentifier>{dc68df2f-7634-4b57-9d7a-1cf0ba5101a1}</UniqueIdentifier>
    </Filter>
    <Filter Include="Header Files\nexus-mumble">
      <UniqueIdentifier>{c25e4c49-00f9-4db2-94ee-cb6f96cfb484}</UniqueIdentifier>
    </Filter>
    <Filter Include="Source Files\nexus-mumble">
      <UniqueIdentifier>{59549f6f-6ab3-4d69-b5f7-6ec8ea5909ff}</UniqueIdentifier>
    </Filter>
    <Filter Include="Header Files\nexus-rtapi">
      <UniqueIdentifier>{992b8d0d-ecba-4e92-a1b7-78922894b63e}</UniqueIdentifier>
    </Filter>
    <Filter Include="Source Files\nexus-rtapi">
      <UniqueIdentifier>{a98ec517-508b-4914-9961-8f559779df5c}</UniqueIdentifier>
    </Filter>
  </ItemGroup>
  <ItemGroup>
    <!-- Header Files -->
    <ClInclude Include="core\Addon.h">
      <Filter>Header Files</Filter>
    </ClInclude>
    <ClInclude Include="core\ui\Theme.h">
      <Filter>Header Files</Filter>
    </ClInclude>
    <ClInclude Include="core\ui\Footer.h">
      <Filter>Header Files</Filter>
    </ClInclude>
    <ClInclude Include="core\ui\pages\GeneralSettingsPage.h">
      <Filter>Header Files</Filter>
    </ClInclude>
    <ClInclude Include="core\ui\pages\AudioSettingsPage.h">
      <Filter>Header Files</Filter>
    </ClInclude>
    <ClInclude Include="core\ui\SettingsUI.h">
      <Filter>Header Files</Filter>
    </ClInclude>
    <ClInclude Include="resource.h">
      <Filter>Header Files</Filter>
    </ClInclude>
    <ClInclude Include="core\Settings.h">
      <Filter>Header Files</Filter>
    </ClInclude>
    <ClInclude Include="..\submodules\lib-nxa-sdk\thirdparty\nlohmann\json.hpp">
      <Filter>Header Files\lib-nxa-sdk</Filter>
    </ClInclude>
    <ClInclude Include="Version.h">
      <Filter>Header Files</Filter>
    </ClInclude>
    <ClInclude Include="Signature.h">
      <Filter>Header Files</Filter>
    </ClInclude>

    <!-- Header Files\lib-nxa-sdk -->
    <ClInclude Include="..\submodules\lib-nxa-sdk\src\ui\controls\Checkbox.h">
      <Filter>Header Files\lib-nxa-sdk</Filter>
    </ClInclude>
    <ClInclude Include="..\submodules\lib-nxa-sdk\src\ui\controls\Dropdown.h">
      <Filter>Header Files\lib-nxa-sdk</Filter>
    </ClInclude>
    <ClInclude Include="..\submodules\lib-nxa-sdk\src\ui\controls\Slider.h">
      <Filter>Header Files\lib-nxa-sdk</Filter>
    </ClInclude>
    <ClInclude Include="..\submodules\lib-nxa-sdk\src\ui\controls\ComboBox.h">
      <Filter>Header Files\lib-nxa-sdk</Filter>
    </ClInclude>
    <ClInclude Include="..\submodules\lib-nxa-sdk\src\ui\controls\Menu.h">
      <Filter>Header Files\lib-nxa-sdk</Filter>
    </ClInclude>
    <ClInclude Include="..\submodules\lib-nxa-sdk\src\ui\controls\FlowPanel.h">
      <Filter>Header Files\lib-nxa-sdk</Filter>
    </ClInclude>
    <ClInclude Include="..\submodules\lib-nxa-sdk\src\NexusSDK.h">
      <Filter>Header Files\lib-nxa-sdk</Filter>
    </ClInclude>
    <ClInclude Include="..\submodules\lib-nxa-sdk\src\ui\Viewport.h">
      <Filter>Header Files\lib-nxa-sdk</Filter>
    </ClInclude>
    <ClInclude Include="..\submodules\lib-nxa-sdk\src\utils\ImStateGuards.h">
      <Filter>Header Files\lib-nxa-sdk</Filter>
    </ClInclude>
    <ClInclude Include="..\submodules\lib-nxa-sdk\src\ui\controls\ControlBase.h">
      <Filter>Header Files\lib-nxa-sdk</Filter>
    </ClInclude>
    <ClInclude Include="..\submodules\lib-nxa-sdk\src\ui\controls\Container.h">
      <Filter>Header Files\lib-nxa-sdk</Filter>
    </ClInclude>
    <ClInclude Include="..\submodules\lib-nxa-sdk\src\ui\controls\Tooltip.h">
      <Filter>Header Files\lib-nxa-sdk</Filter>
    </ClInclude>
    <ClInclude Include="..\submodules\lib-nxa-sdk\src\ui\controls\WindowBase.h">
      <Filter>Header Files\lib-nxa-sdk</Filter>
    </ClInclude>
    <ClInclude Include="..\submodules\lib-nxa-sdk\src\ui\controls\Label.h">
      <Filter>Header Files\lib-nxa-sdk</Filter>
    </ClInclude>
    <ClInclude Include="..\submodules\lib-nxa-sdk\src\ui\controls\Button.h">
      <Filter>Header Files\lib-nxa-sdk</Filter>
    </ClInclude>
    <ClInclude Include="..\submodules\lib-nxa-sdk\nexus-imgui\imconfig.h">
      <Filter>Header Files</Filter>
    </ClInclude>
    <ClInclude Include="..\submodules\lib-nxa-sdk\nexus-imgui\imgui.h">
      <Filter>Header Files</Filter>
    </ClInclude>
    <ClInclude Include="..\submodules\lib-nxa-sdk\nexus-imgui\imgui_internal.h">
      <Filter>Header Files</Filter>
    </ClInclude>
    <ClInclude Include="..\submodules\lib-nxa-sdk\nexus-imgui\imstb_rectpack.h">
      <Filter>Header Files</Filter>
    </ClInclude>
    <ClInclude Include="..\submodules\lib-nxa-sdk\nexus-imgui\imstb_textedit.h">
      <Filter>Header Files</Filter>
    </ClInclude>
    <ClInclude Include="..\submodules\lib-nxa-sdk\nexus-imgui\imstb_truetype.h">
      <Filter>Header Files</Filter>
    </ClInclude>
    <ClInclude Include="..\submodules\lib-nxa-sdk\src\ui\controls\StandardDialog.h">
      <Filter>Header Files\lib-nxa-sdk</Filter>
    </ClInclude>
    <ClInclude Include="..\submodules\lib-nxa-sdk\src\managers\AudioManager.h">
      <Filter>Header Files\lib-nxa-sdk</Filter>
    </ClInclude>
    <ClInclude Include="..\submodules\lib-nxa-sdk\src\managers\ContentManager.h">
      <Filter>Header Files\lib-nxa-sdk</Filter>
    </ClInclude>
    <ClInclude Include="..\submodules\lib-nxa-sdk\src\managers\LocalManager.h">
      <Filter>Header Files\lib-nxa-sdk</Filter>
    </ClInclude>
    <ClInclude Include="..\submodules\lib-nxa-sdk\src\utils\AsyncTexture.h">
      <Filter>Header Files\lib-nxa-sdk</Filter>
    </ClInclude>
    <ClInclude Include="..\submodules\lib-nxa-sdk\src\utils\AsyncFont.h">
      <Filter>Header Files\lib-nxa-sdk</Filter>
    </ClInclude>
    <ClInclude Include="..\submodules\lib-nxa-sdk\src\utils\ImID.h">
      <Filter>Header Files\lib-nxa-sdk</Filter>
    </ClInclude>
    <ClInclude Include="..\submodules\lib-nxa-sdk\src\services\Gw2MumbleService.h">
      <Filter>Header Files\lib-nxa-sdk</Filter>
    </ClInclude>
    <ClInclude Include="..\submodules\lib-nxa-sdk\src\services\RealTimeApiService.h">
      <Filter>Header Files\lib-nxa-sdk</Filter>
    </ClInclude>
    <ClInclude Include="..\submodules\lib-nxa-sdk\src\services\NexusService.h">
      <Filter>Header Files\lib-nxa-sdk</Filter>
    </ClInclude>

    <!-- Header Files\nexus-core -->
    <ClInclude Include="..\submodules\lib-nxa-sdk\nexus-core\Nexus.h">
      <Filter>Header Files\nexus-core</Filter>
    </ClInclude>

    <!-- Header Files\nexus-imgui -->
    <ClInclude Include="..\submodules\lib-nxa-sdk\nexus-imgui\imconfig.h">
      <Filter>Header Files\nexus-imgui</Filter>
    </ClInclude>
    <ClInclude Include="..\submodules\lib-nxa-sdk\nexus-imgui\imgui.h">
      <Filter>Header Files\nexus-imgui</Filter>
    </ClInclude>
    <ClInclude Include="..\submodules\lib-nxa-sdk\nexus-imgui\imgui_internal.h">
      <Filter>Header Files\nexus-imgui</Filter>
    </ClInclude>
    <ClInclude Include="..\submodules\lib-nxa-sdk\nexus-imgui\imstb_rectpack.h">
      <Filter>Header Files\nexus-imgui</Filter>
    </ClInclude>
    <ClInclude Include="..\submodules\lib-nxa-sdk\nexus-imgui\imstb_textedit.h">
      <Filter>Header Files\nexus-imgui</Filter>
    </ClInclude>
    <ClInclude Include="..\submodules\lib-nxa-sdk\nexus-imgui\imstb_truetype.h">
      <Filter>Header Files\nexus-imgui</Filter>
    </ClInclude>
  </ItemGroup>
  
  <ItemGroup>
    <!-- Source Files -->
    <ClCompile Include="core\Addon.cpp">
      <Filter>Source Files</Filter>
    </ClCompile>
    <ClCompile Include="core\ui\Footer.cpp">
      <Filter>Source Files</Filter>
    </ClCompile>
    <ClCompile Include="core\ui\pages\GeneralSettingsPage.cpp">
      <Filter>Source Files</Filter>
    </ClCompile>
    <ClCompile Include="core\ui\pages\AudioSettingsPage.cpp">
      <Filter>Source Files</Filter>
    </ClCompile>
    <ClCompile Include="core\ui\SettingsUI.cpp">
      <Filter>Source Files</Filter>
    </ClCompile>
    <ClCompile Include="dllmain.cpp">
      <Filter>Source Files</Filter>
    </ClCompile>
    <ClCompile Include="core\Settings.cpp">
      <Filter>Source Files</Filter>
    </ClCompile>

    <!-- Source Files\lib-nxa-sdk -->
    <ClCompile Include="..\submodules\lib-nxa-sdk\src\managers\AudioManager.cpp">
      <Filter>Source Files\lib-nxa-sdk</Filter>
    </ClCompile>
    <ClCompile Include="..\submodules\lib-nxa-sdk\src\ui\Viewport.cpp">
      <Filter>Source Files\lib-nxa-sdk</Filter>
    </ClCompile>
    <ClCompile Include="..\submodules\lib-nxa-sdk\src\ui\controls\Checkbox.cpp">
      <Filter>Source Files\lib-nxa-sdk</Filter>
    </ClCompile>
    <ClCompile Include="..\submodules\lib-nxa-sdk\src\ui\controls\Dropdown.cpp">
      <Filter>Source Files\lib-nxa-sdk</Filter>
    </ClCompile>
    <ClCompile Include="..\submodules\lib-nxa-sdk\src\ui\controls\Slider.cpp">
      <Filter>Source Files\lib-nxa-sdk</Filter>
    </ClCompile>
    <ClCompile Include="..\submodules\lib-nxa-sdk\src\ui\controls\Button.cpp">
      <Filter>Source Files\lib-nxa-sdk</Filter>
    </ClCompile>
    <ClCompile Include="..\submodules\lib-nxa-sdk\src\ui\controls\Menu.cpp">
      <Filter>Source Files\lib-nxa-sdk</Filter>
    </ClCompile>
    <ClCompile Include="..\submodules\lib-nxa-sdk\src\ui\controls\StandardDialog.cpp">
      <Filter>Source Files\lib-nxa-sdk</Filter>
    </ClCompile>
    <ClCompile Include="..\submodules\lib-nxa-sdk\src\managers\LocalManager.cpp">
      <Filter>Source Files\lib-nxa-sdk</Filter>
    </ClCompile>
    <ClCompile Include="..\submodules\lib-nxa-sdk\nexus-imgui\imgui.cpp">
      <Filter>Source Files</Filter>
    </ClCompile>
    <ClCompile Include="..\submodules\lib-nxa-sdk\nexus-imgui\imgui_demo.cpp">
      <Filter>Source Files</Filter>
    </ClCompile>
    <ClCompile Include="..\submodules\lib-nxa-sdk\nexus-imgui\imgui_draw.cpp">
      <Filter>Source Files</Filter>
    </ClCompile>
    <ClCompile Include="..\submodules\lib-nxa-sdk\nexus-imgui\imgui_tables.cpp">
      <Filter>Source Files</Filter>
    </ClCompile>
    <ClCompile Include="..\submodules\lib-nxa-sdk\nexus-imgui\imgui_widgets.cpp">
      <Filter>Source Files</Filter>
    </ClCompile>
    <ClCompile Include="..\submodules\lib-nxa-sdk\src\managers\ContentManager.cpp">
      <Filter>Source Files\lib-nxa-sdk</Filter>
    </ClCompile>
    <ClCompile Include="..\submodules\lib-nxa-sdk\src\utils\AsyncTexture.cpp">
      <Filter>Source Files\lib-nxa-sdk</Filter>
    </ClCompile>
    <ClCompile Include="..\submodules\lib-nxa-sdk\src\utils\AsyncFont.cpp">
      <Filter>Source Files\lib-nxa-sdk</Filter>
    </ClCompile>
    <ClCompile Include="..\submodules\lib-nxa-sdk\src\ui\controls\Label.cpp">
      <Filter>Source Files\lib-nxa-sdk</Filter>
    </ClCompile>
    <ClCompile Include="..\submodules\lib-nxa-sdk\src\services\Gw2MumbleService.cpp">
      <Filter>Source Files\lib-nxa-sdk</Filter>
    </ClCompile>
    <ClCompile Include="..\submodules\lib-nxa-sdk\src\services\RealTimeApiService.cpp">
      <Filter>Source Files\lib-nxa-sdk</Filter>
    </ClCompile>
    <ClCompile Include="..\submodules\lib-nxa-sdk\src\services\NexusService.cpp">
      <Filter>Source Files\lib-nxa-sdk</Filter>
    </ClCompile>

    <!-- Source Files\nexus-imgui -->
    <ClCompile Include="..\submodules\lib-nxa-sdk\nexus-imgui\imgui.cpp">
      <Filter>Source Files\nexus-imgui</Filter>
    </ClCompile>
    <ClCompile Include="..\submodules\lib-nxa-sdk\nexus-imgui\imgui_demo.cpp">
      <Filter>Source Files\nexus-imgui</Filter>
    </ClCompile>
    <ClCompile Include="..\submodules\lib-nxa-sdk\nexus-imgui\imgui_draw.cpp">
      <Filter>Source Files\nexus-imgui</Filter>
    </ClCompile>
    <ClCompile Include="..\submodules\lib-nxa-sdk\nexus-imgui\imgui_tables.cpp">
      <Filter>Source Files\nexus-imgui</Filter>
    </ClCompile>
    <ClCompile Include="..\submodules\lib-nxa-sdk\nexus-imgui\imgui_widgets.cpp">
      <Filter>Source Files\nexus-imgui</Filter>
    </ClCompile>
  </ItemGroup>

  <ItemGroup>
    <ResourceCompile Include="nxa-addon-template.rc">
      <Filter>Resource Files</Filter>
    </ResourceCompile>
  </ItemGroup>
</Project>
